
Microsoft Visual Studio Solution File, Format Version 12.00
# Visual Studio Version 16
VisualStudioVersion = 16.0.29319.158
MinimumVisualStudioVersion = 15.0.26124.0
Project("{2150E333-8FDC-42A3-9474-1A3956D46DE8}") = "src", "src", "{4FABF8F0-B74E-41F3-8906-81AB348AA1D9}"
EndProject
Project("{9A19103F-16F7-4668-BE54-9A1E7A4F7556}") = "Marques.EFCorev3.0.SnakeCase", "src\Marques.EFCore.SnakeCase\Marques.EFCorev6.0.SnakeCase.csproj", "{0CEEA081-1946-45E8-BE25-09E806D98340}"
EndProject
Project("{9A19103F-16F7-4668-BE54-9A1E7A4F7556}") = "SnakeCaseTests", "tests\SnakeCaseTests\SnakeCaseTests.csproj", "{499CF1D5-7A27-48B3-9812-53D93D36AA0E}"
EndProject
Project("{2150E333-8FDC-42A3-9474-1A3956D46DE8}") = "tests", "tests", "{8B11F4BD-2BE6-45FE-A54C-16A06A996A17}"
EndProject
Project("{2150E333-8FDC-42A3-9474-1A3956D46DE8}") = "sample", "sample", "{1755D7A0-8713-4218-8EC7-71BD19F95709}"
EndProject
Project("{9A19103F-16F7-4668-BE54-9A1E7A4F7556}") = "SampleConsoleApp", "sample\SampleConsoleApp\SampleConsoleApp.csproj", "{AA2BE57E-F3E4-4149-90F7-AC6D1F9F5903}"
EndProject
Global
	GlobalSection(SolutionConfigurationPlatforms) = preSolution
		Debug|Any CPU = Debug|Any CPU
		Debug|x64 = Debug|x64
		Debug|x86 = Debug|x86
		Release|Any CPU = Release|Any CPU
		Release|x64 = Release|x64
		Release|x86 = Release|x86
	EndGlobalSection
	GlobalSection(ProjectConfigurationPlatforms) = postSolution
		{0CEEA081-1946-45E8-BE25-09E806D98340}.Debug|Any CPU.ActiveCfg = Debug|Any CPU
		{0CEEA081-1946-45E8-BE25-09E806D98340}.Debug|Any CPU.Build.0 = Debug|Any CPU
		{0CEEA081-1946-45E8-BE25-09E806D98340}.Debug|x64.ActiveCfg = Debug|Any CPU
		{0CEEA081-1946-45E8-BE25-09E806D98340}.Debug|x64.Build.0 = Debug|Any CPU
		{0CEEA081-1946-45E8-BE25-09E806D98340}.Debug|x86.ActiveCfg = Debug|Any CPU
		{0CEEA081-1946-45E8-BE25-09E806D98340}.Debug|x86.Build.0 = Debug|Any CPU
		{0CEEA081-1946-45E8-BE25-09E806D98340}.Release|Any CPU.ActiveCfg = Release|Any CPU
		{0CEEA081-1946-45E8-BE25-09E806D98340}.Release|Any CPU.Build.0 = Release|Any CPU
		{0CEEA081-1946-45E8-BE25-09E806D98340}.Release|x64.ActiveCfg = Release|Any CPU
		{0CEEA081-1946-45E8-BE25-09E806D98340}.Release|x64.Build.0 = Release|Any CPU
		{0CEEA081-1946-45E8-BE25-09E806D98340}.Release|x86.ActiveCfg = Release|Any CPU
		{0CEEA081-1946-45E8-BE25-09E806D98340}.Release|x86.Build.0 = Release|Any CPU
		{499CF1D5-7A27-48B3-9812-53D93D36AA0E}.Debug|Any CPU.ActiveCfg = Debug|Any CPU
		{499CF1D5-7A27-48B3-9812-53D93D36AA0E}.Debug|Any CPU.Build.0 = Debug|Any CPU
		{499CF1D5-7A27-48B3-9812-53D93D36AA0E}.Debug|x64.ActiveCfg = Debug|Any CPU
		{499CF1D5-7A27-48B3-9812-53D93D36AA0E}.Debug|x64.Build.0 = Debug|Any CPU
		{499CF1D5-7A27-48B3-9812-53D93D36AA0E}.Debug|x86.ActiveCfg = Debug|Any CPU
		{499CF1D5-7A27-48B3-9812-53D93D36AA0E}.Debug|x86.Build.0 = Debug|Any CPU
		{499CF1D5-7A27-48B3-9812-53D93D36AA0E}.Release|Any CPU.ActiveCfg = Release|Any CPU
		{499CF1D5-7A27-48B3-9812-53D93D36AA0E}.Release|Any CPU.Build.0 = Release|Any CPU
		{499CF1D5-7A27-48B3-9812-53D93D36AA0E}.Release|x64.ActiveCfg = Release|Any CPU
		{499CF1D5-7A27-48B3-9812-53D93D36AA0E}.Release|x64.Build.0 = Release|Any CPU
		{499CF1D5-7A27-48B3-9812-53D93D36AA0E}.Release|x86.ActiveCfg = Release|Any CPU
		{499CF1D5-7A27-48B3-9812-53D93D36AA0E}.Release|x86.Build.0 = Release|Any CPU
		{AA2BE57E-F3E4-4149-90F7-AC6D1F9F5903}.Debug|Any CPU.ActiveCfg = Debug|Any CPU
		{AA2BE57E-F3E4-4149-90F7-AC6D1F9F5903}.Debug|Any CPU.Build.0 = Debug|Any CPU
		{AA2BE57E-F3E4-4149-90F7-AC6D1F9F5903}.Debug|x64.ActiveCfg = Debug|Any CPU
		{AA2BE57E-F3E4-4149-90F7-AC6D1F9F5903}.Debug|x64.Build.0 = Debug|Any CPU
		{AA2BE57E-F3E4-4149-90F7-AC6D1F9F5903}.Debug|x86.ActiveCfg = Debug|Any CPU
		{AA2BE57E-F3E4-4149-90F7-AC6D1F9F5903}.Debug|x86.Build.0 = Debug|Any CPU
		{AA2BE57E-F3E4-4149-90F7-AC6D1F9F5903}.Release|Any CPU.ActiveCfg = Release|Any CPU
		{AA2BE57E-F3E4-4149-90F7-AC6D1F9F5903}.Release|Any CPU.Build.0 = Release|Any CPU
		{AA2BE57E-F3E4-4149-90F7-AC6D1F9F5903}.Release|x64.ActiveCfg = Release|Any CPU
		{AA2BE57E-F3E4-4149-90F7-AC6D1F9F5903}.Release|x64.Build.0 = Release|Any CPU
		{AA2BE57E-F3E4-4149-90F7-AC6D1F9F5903}.Release|x86.ActiveCfg = Release|Any CPU
		{AA2BE57E-F3E4-4149-90F7-AC6D1F9F5903}.Release|x86.Build.0 = Release|Any CPU
	EndGlobalSection
	GlobalSection(SolutionProperties) = preSolution
		HideSolutionNode = FALSE
	EndGlobalSection
	GlobalSection(NestedProjects) = preSolution
		{0CEEA081-1946-45E8-BE25-09E806D98340} = {4FABF8F0-B74E-41F3-8906-81AB348AA1D9}
		{499CF1D5-7A27-48B3-9812-53D93D36AA0E} = {8B11F4BD-2BE6-45FE-A54C-16A06A996A17}
		{AA2BE57E-F3E4-4149-90F7-AC6D1F9F5903} = {1755D7A0-8713-4218-8EC7-71BD19F95709}
	EndGlobalSection
	GlobalSection(ExtensibilityGlobals) = postSolution
		SolutionGuid = {0DE5213F-EB6A-480E-AAF9-19F8B2794285}
	EndGlobalSection
EndGlobal
